
Microsoft Visual Studio Solution File, Format Version 12.00
# Visual Studio Version 17
VisualStudioVersion = 17.8.34330.188
MinimumVisualStudioVersion = 10.0.40219.1
Project("{8BC9CEB8-8B4A-11D0-8D11-00A0C91BC942}") = "TreeViewSample", "TreeViewSample\TreeViewSample.vcxproj", "{EF82D6EE-3C22-4E26-ACB0-1F39A1EA8380}"
EndProject
Global
	GlobalSection(SolutionConfigurationPlatforms) = preSolution
		Debug|ARM64 = Debug|ARM64
		Debug|x64 = Debug|x64
		Debug|x86 = Debug|x86
		Release|ARM64 = Release|ARM64
		Release|x64 = Release|x64
		Release|x86 = Release|x86
	EndGlobalSection
	GlobalSection(ProjectConfigurationPlatforms) = postSolution
		{EF82D6EE-3C22-4E26-ACB0-1F39A1EA8380}.Debug|ARM64.ActiveCfg = Debug|ARM64
		{EF82D6EE-3C22-4E26-ACB0-1F39A1EA8380}.Debug|ARM64.Build.0 = Debug|ARM64
		{EF82D6EE-3C22-4E26-ACB0-1F39A1EA8380}.Debug|ARM64.Deploy.0 = Debug|ARM64
		{EF82D6EE-3C22-4E26-ACB0-1F39A1EA8380}.Debug|x64.ActiveCfg = Debug|x64
		{EF82D6EE-3C22-4E26-ACB0-1F39A1EA8380}.Debug|x64.Build.0 = Debug|x64
		{EF82D6EE-3C22-4E26-ACB0-1F39A1EA8380}.Debug|x64.Deploy.0 = Debug|x64
		{EF82D6EE-3C22-4E26-ACB0-1F39A1EA8380}.Debug|x86.ActiveCfg = Debug|Win32
		{EF82D6EE-3C22-4E26-ACB0-1F39A1EA8380}.Debug|x86.Build.0 = Debug|Win32
		{EF82D6EE-3C22-4E26-ACB0-1F39A1EA8380}.Debug|x86.Deploy.0 = Debug|Win32
		{EF82D6EE-3C22-4E26-ACB0-1F39A1EA8380}.Release|ARM64.ActiveCfg = Release|ARM64
		{EF82D6EE-3C22-4E26-ACB0-1F39A1EA8380}.Release|ARM64.Build.0 = Release|ARM64
		{EF82D6EE-3C22-4E26-ACB0-1F39A1EA8380}.Release|ARM64.Deploy.0 = Release|ARM64
		{EF82D6EE-3C22-4E26-ACB0-1F39A1EA8380}.Release|x64.ActiveCfg = Release|x64
		{EF82D6EE-3C22-4E26-ACB0-1F39A1EA8380}.Release|x64.Build.0 = Release|x64
		{EF82D6EE-3C22-4E26-ACB0-1F39A1EA8380}.Release|x64.Deploy.0 = Release|x64
		{EF82D6EE-3C22-4E26-ACB0-1F39A1EA8380}.Release|x86.ActiveCfg = Release|Win32
		{EF82D6EE-3C22-4E26-ACB0-1F39A1EA8380}.Release|x86.Build.0 = Release|Win32
		{EF82D6EE-3C22-4E26-ACB0-1F39A1EA8380}.Release|x86.Deploy.0 = Release|Win32
	EndGlobalSection
	GlobalSection(SolutionProperties) = preSolution
		HideSolutionNode = FALSE
	EndGlobalSection
	GlobalSection(ExtensibilityGlobals) = postSolution
		SolutionGuid = {62F60382-F916-4E93-BA62-D511ED423BD1}
	EndGlobalSection
EndGlobal
